
Microsoft Visual Studio Solution File, Format Version 12.00
# Visual Studio Version 16
VisualStudioVersion = 16.0.28621.142
MinimumVisualStudioVersion = 10.0.40219.1
Project("{FAE04EC0-301F-11D3-BF4B-00C04F79EFBC}") = "EverestMedia.Autofac.Abstractions", "EverestMedia.Autofac.Abstractions\EverestMedia.Autofac.Abstractions.csproj", "{E4270D0E-B546-4FD5-9620-FF060FEA70E1}"
EndProject
Global
	GlobalSection(SolutionConfigurationPlatforms) = preSolution
		Debug|Any CPU = Debug|Any CPU
		Release|Any CPU = Release|Any CPU
	EndGlobalSection
	GlobalSection(ProjectConfigurationPlatforms) = postSolution
		{E4270D0E-B546-4FD5-9620-FF060FEA70E1}.Debug|Any CPU.ActiveCfg = Debug|Any CPU
		{E4270D0E-B546-4FD5-9620-FF060FEA70E1}.Debug|Any CPU.Build.0 = Debug|Any CPU
		{E4270D0E-B546-4FD5-9620-FF060FEA70E1}.Release|Any CPU.ActiveCfg = Release|Any CPU
		{E4270D0E-B546-4FD5-9620-FF060FEA70E1}.Release|Any CPU.Build.0 = Release|Any CPU
	EndGlobalSection
	GlobalSection(SolutionProperties) = preSolution
		HideSolutionNode = FALSE
	EndGlobalSection
	GlobalSection(ExtensibilityGlobals) = postSolution
		SolutionGuid = {65385201-6380-4340-BA8E-E69C769B9A82}
	EndGlobalSection
EndGlobal
